
Microsoft Visual Studio Solution File, Format Version 12.00
Project("{FAE04EC0-301F-11D3-BF4B-00C04F79EFBC}") = "TollCalculator", "TollCalculator.csproj", "{866422C1-39F8-4CB6-9042-13CAFEE34CEF}"
EndProject
Global
	GlobalSection(SolutionConfigurationPlatforms) = preSolution
		Debug|Any CPU = Debug|Any CPU
		Release|Any CPU = Release|Any CPU
	EndGlobalSection
	GlobalSection(ProjectConfigurationPlatforms) = postSolution
		{866422C1-39F8-4CB6-9042-13CAFEE34CEF}.Debug|Any CPU.ActiveCfg = Debug|Any CPU
		{866422C1-39F8-4CB6-9042-13CAFEE34CEF}.Debug|Any CPU.Build.0 = Debug|Any CPU
		{866422C1-39F8-4CB6-9042-13CAFEE34CEF}.Release|Any CPU.ActiveCfg = Release|Any CPU
		{866422C1-39F8-4CB6-9042-13CAFEE34CEF}.Release|Any CPU.Build.0 = Release|Any CPU
	EndGlobalSection
EndGlobal
